
Microsoft Visual Studio Solution File, Format Version 12.00
# Visual Studio Version 17
VisualStudioVersion = 17.4.33122.133
MinimumVisualStudioVersion = 10.0.40219.1
Project("{9A19103F-16F7-4668-BE54-9A1E7A4F7556}") = "FargowiltasSoulsDLC", "FargowiltasSoulsDLC.csproj", "{ACA12B4F-055A-4EAF-90E7-8890DD15EC0F}"
EndProject
Global
	GlobalSection(SolutionConfigurationPlatforms) = preSolution
		Debug|Any CPU = Debug|Any CPU
		Release|Any CPU = Release|Any CPU
	EndGlobalSection
	GlobalSection(ProjectConfigurationPlatforms) = postSolution
		{ACA12B4F-055A-4EAF-90E7-8890DD15EC0F}.Debug|Any CPU.ActiveCfg = Debug|Any CPU
		{ACA12B4F-055A-4EAF-90E7-8890DD15EC0F}.Debug|Any CPU.Build.0 = Debug|Any CPU
		{ACA12B4F-055A-4EAF-90E7-8890DD15EC0F}.Release|Any CPU.ActiveCfg = Release|Any CPU
		{ACA12B4F-055A-4EAF-90E7-8890DD15EC0F}.Release|Any CPU.Build.0 = Release|Any CPU
	EndGlobalSection
	GlobalSection(SolutionProperties) = preSolution
		HideSolutionNode = FALSE
	EndGlobalSection
	GlobalSection(ExtensibilityGlobals) = postSolution
		SolutionGuid = {E84E210E-F509-48C9-AB18-E954F0FC2449}
	EndGlobalSection
EndGlobal
